
Microsoft Visual Studio Solution File, Format Version 12.00
# Visual Studio 15
VisualStudioVersion = 15.0.26430.6
MinimumVisualStudioVersion = 10.0.40219.1
Project("{FAE04EC0-301F-11D3-BF4B-00C04F79EFBC}") = "MainProject", "MainProject\MainProject.csproj", "{D7F51BAC-1BB7-42B0-BC37-35313D682EFB}"
EndProject
Project("{FAE04EC0-301F-11D3-BF4B-00C04F79EFBC}") = "TestProject", "TestProject\TestProject.csproj", "{2F0F485E-B93F-4B9B-9636-3569BA861A05}"
EndProject
Global
	GlobalSection(SolutionConfigurationPlatforms) = preSolution
		Debug|Any CPU = Debug|Any CPU
		Release|Any CPU = Release|Any CPU
	EndGlobalSection
	GlobalSection(ProjectConfigurationPlatforms) = postSolution
		{D7F51BAC-1BB7-42B0-BC37-35313D682EFB}.Debug|Any CPU.ActiveCfg = Debug|Any CPU
		{D7F51BAC-1BB7-42B0-BC37-35313D682EFB}.Debug|Any CPU.Build.0 = Debug|Any CPU
		{D7F51BAC-1BB7-42B0-BC37-35313D682EFB}.Release|Any CPU.ActiveCfg = Release|Any CPU
		{D7F51BAC-1BB7-42B0-BC37-35313D682EFB}.Release|Any CPU.Build.0 = Release|Any CPU
		{2F0F485E-B93F-4B9B-9636-3569BA861A05}.Debug|Any CPU.ActiveCfg = Debug|Any CPU
		{2F0F485E-B93F-4B9B-9636-3569BA861A05}.Debug|Any CPU.Build.0 = Debug|Any CPU
		{2F0F485E-B93F-4B9B-9636-3569BA861A05}.Release|Any CPU.ActiveCfg = Release|Any CPU
		{2F0F485E-B93F-4B9B-9636-3569BA861A05}.Release|Any CPU.Build.0 = Release|Any CPU
	EndGlobalSection
	GlobalSection(SolutionProperties) = preSolution
		HideSolutionNode = FALSE
	EndGlobalSection
EndGlobal
